filippo.io/edwards25519 v1.0.0-rc.1 h1:m0VOOB23frXZvAOK44usCgLWvtsxIoMCTBGJZlpmGfU=
filippo.io/edwards25519 v1.0.0-rc.1/go.mod h1:N1IkdkCkiLB6tki+MYJoSx2JTY9NUlxZE7eHn5EwJns=
github.com/AlekSi/pointer v1.1.0 h1:SSDMPcXD9jSl8FPy9cRzoRaMJtm9g9ggGTxecRUbQoI=
github.com/AlekSi/pointer v1.1.0/go.mod h1:y7BvfRI3wXPWKXEBhU71nbnIEEZX0QTSB2Bj48UJIZE=
github.com/DataDog/zstd v1.5.6 h1:LbEglqepa/ipmmQJUDnSsfvA8e8IStVcGaFWDuxvGOY=
github.com/DataDog/zstd v1.5.6/go.mod h1:g4AWEaM3yOg3HYfnJ3YIawPnVdXJh9QME85blwSAmyw=
github.com/andres-erbsen/clock v0.0.0-20160526145045-9e14626cd129 h1:MzBOUgng9orim59UnfUTLRjMpd09C5uEVQ6RPGeCaVI=
github.com/andres-erbsen/clock v0.0.0-20160526145045-9e14626cd129/go.mod h1:rFgpPQZYZ8vdbc+48xibu8ALc3yeyd64IhHS+PU6Yyg=
github.com/benbjohnson/clock v1.1.0/go.mod h1:J11/hYXuz8f4ySSvYwY0FKfm+ezbsZBKZxNJlLklBHA=
github.com/beorn7/perks v1.0.1 h1:VlbKKnNfV8bJzeqoa4cOKqO6bYr3WgKZxO8Z16+hsOM=
github.com/beorn7/perks v1.0.1/go.mod h1:G2ZrVWU2WbWT9wwq4/hrbKbnv/1ERSJQ0ibhJ6rlkpw=
github.com/bep/debounce v1.2.1 h1:v67fRdBA9UQu2NhLFXrSg0Brw7CexQekrBwDMM8bzeY=
github.com/bep/debounce v1.2.1/go.mod h1:H8yggRPQKLUhUoqrJC1bO2xNya7vanpDl7xR3ISbCJ0=
github.com/blendle/zapdriver v1.3.1 h1:C3dydBOWYRiOk+B8X9IVZ5IOe+7cl+tGOexN4QqHfpE=
github.com/blendle/zapdriver v1.3.1/go.mod h1:mdXfREi6u5MArG4j9fewC+FGnXaBR+T4Ox4J2u4eHCc=
github.com/bsm/ginkgo/v2 v2.7.0 h1:ItPMPH90RbmZJt5GtkcNvIRuGEdwlBItdNVoyzaNQao=
github.com/bsm/ginkgo/v2 v2.7.0/go.mod h1:AiKlXPm7ItEHNc/2+OkrNG4E0ITzojb9/xWzvQ9XZ9w=
github.com/bsm/gomega v1.26.0 h1:LhQm+AFcgV2M0WyKroMASzAzCAJVpAxQXv4SaI9a69Y=
github.com/bsm/gomega v1.26.0/go.mod h1:JyEr/xRbxbtgWNi8tIEVPUYZ5Dzef52k01W3YH0H+O0=
github.com/buger/jsonparser v1.1.1 h1:2PnMjfWD7wBILjqQbt530v576A/cAbQvEW9gGIpYMUs=
github.com/buger/jsonparser v1.1.1/go.mod h1:6RYKKt7H4d4+iWqouImQ9R2FZql3VbhNgx27UK13J/0=
github.com/cespare/xxhash/v2 v2.3.0 h1:UL815xU9SqsFlibzuggzjXhog7bL6oX9BbNZnL2UFvs=
github.com/cespare/xxhash/v2 v2.3.0/go.mod h1:VGX0DQ3Q6kWi7AoAeZDth3/j3BFtOZR5XLFGgcrjCOs=
github.com/cilium/ebpf v0.5.0/go.mod h1:4tRaxcgiL706VnOzHOdBlY8IEAIdxINsQBcU4xJJXRs=
github.com/cilium/ebpf v0.7.0/go.mod h1:/oI2+1shJiTGAMgl6/RgJr36Eo1jzrRcAWbcXO2usCA=
github.com/cilium/ebpf v0.8.1/go.mod h1:f5zLIM0FSNuAkSyLAN7X+Hy6yznlF1mNiWUMfxMtrgk=
github.com/cilium/ebpf v0.9.1 h1:64sn2K3UKw8NbP/blsixRpF3nXuyhz/VjRlRzvlBRu4=
github.com/cilium/ebpf v0.9.1/go.mod h1:+OhNOIXx/Fnu1IE8bJz2dzOA+VSfyTfdNUVdlQnxUFY=
github.com/cpuguy83/go-md2man/v2 v2.0.2 h1:p1EgwI/C7NhT0JmVkwCD2ZBK8j4aeHQX2pMHHBfMQ6w=
github.com/cpuguy83/go-md2man/v2 v2.0.2/go.mod h1:tgQtvFlXSQOSOSIRvRPT7W67SCa46tRHOmNcaadrF8o=
github.com/creack/pty v1.1.9/go.mod h1:oKZEueFk5CKHvIhNR5MUki03XCEU+Q6VDXinZuGJ33E=
github.com/d5/tengo/v2 v2.14.0 h1:ZTUyb1tGvxXGah1xDdCjaIq6ZdG4Z8PP1ZlBSN5OChg=
github.com/d5/tengo/v2 v2.14.0/go.mod h1:XRGjEs5I9jYIKTxly6HCF8oiiilk5E/RYXOZ5b0DZC8=
github.com/dTelecom/protocol v1.0.18 h1:ZIAzUAnN4PdTib+IfqlIUv5OwTw4/sqlk55sW8axbCQ=
github.com/dTelecom/protocol v1.0.18/go.mod h1:jjAYPgeKzrmNuNjmeDXRrfW0uUYmZBppxJkzNXRsMLs=
github.com/dTelecom/psrpc v1.0.16 h1:WltSApMr72WdOd+goHuRK5steg7b0y6q9rZ1qTFMBGY=
github.com/dTelecom/psrpc v1.0.16/go.mod h1:K0j8f1PgLShR7Lx80KbmwFkDH2BvOnycXGV0OSRURKc=
github.com/dTelecom/pubsub-solana v1.0.3 h1:2eIpPhz/DK5t+a40U53JiyIzq0dUW3p3rs6sWyNqfnc=
github.com/dTelecom/pubsub-solana v1.0.3/go.mod h1:q+Jr9NhYjGutFj3HM2vUtrX76bFn+rMU9mpJGGcLh1k=
github.com/davecgh/go-spew v1.1.0/go.mod h1:J7Y8YcW2NihsgmVo/mv3lAwl/skON4iLHjSsI+c5H38=
github.com/davecgh/go-spew v1.1.1 h1:vj9j/u1bqnvCEfJOwUhtlOARqs3+rkHYY13jYWTU97c=
github.com/davecgh/go-spew v1.1.1/go.mod h1:J7Y8YcW2NihsgmVo/mv3lAwl/skON4iLHjSsI+c5H38=
github.com/dgryski/go-rendezvous v0.0.0-20200823014737-9f7001d12a5f h1:lO4WD4F/rVNCu3HqELle0jiPLLBs70cWOduZpkS1E78=
github.com/dgryski/go-rendezvous v0.0.0-20200823014737-9f7001d12a5f/go.mod h1:cuUVRXasLTGF7a8hSLbxyZXjz+1KgoB3wDUb6vlszIc=
github.com/eapache/channels v1.1.0 h1:F1taHcn7/F0i8DYqKXJnyhJcVpp2kgFcNePxXtnyu4k=
github.com/eapache/channels v1.1.0/go.mod h1:jMm2qB5Ubtg9zLd+inMZd2/NUvXgzmWXsDaLyQIGfH0=
github.com/eapache/queue v1.1.0 h1:YOEu7KNc61ntiQlcEeUIoDTJ2o8mQznoNvUhiigpIqc=
github.com/eapache/queue v1.1.0/go.mod h1:6eCeP0CKFpHLu8blIFXhExK/dRa7WDZfr6jVFPTqq+I=
github.com/elliotchance/orderedmap/v2 v2.2.0 h1:7/2iwO98kYT4XkOjA9mBEIwvi4KpGB4cyHeOFOnj4Vk=
github.com/elliotchance/orderedmap/v2 v2.2.0/go.mod h1:85lZyVbpGaGvHvnKa7Qhx7zncAdBIBq6u56Hb1PRU5Q=
github.com/fatih/color v1.9.0 h1:8xPHl4/q1VyqGIPif1F+1V3Y3lSmrq01EabUW3CoW5s=
github.com/fatih/color v1.9.0/go.mod h1:eQcE1qtQxscV5RaZvpXrrb8Drkc3/DdQ+uUYCNjL+zU=
github.com/florianl/go-tc v0.4.2 h1:jan5zcOWCLhA9SRBHZhQ0SSAq7cmDUagiRPngAi5AOQ=
github.com/florianl/go-tc v0.4.2/go.mod h1:2W1jSMFryiYlpQigr4ZpSSpE9XNze+bW7cTsCXWbMwo=
github.com/frankban/quicktest v1.11.3/go.mod h1:wRf/ReqHper53s+kmmSZizM8NamnL3IM0I9ntUbOk+k=
github.com/frankban/quicktest v1.14.0/go.mod h1:NeW+ay9A/U67EYXNFA1nPE8e/tnQv/09mUdL/ijj8og=
github.com/frostbyte73/core v0.0.5 h1:+oHjXDyQyQzEx04mtmmafYP07n7EToKpUGafWbNVQ9I=
github.com/frostbyte73/core v0.0.5/go.mod h1:mqHHSVFS5DE6kSdhU1/s9Mm0YCnLB8Ou2DD/eX1Zbr4=
github.com/fsnotify/fsnotify v1.4.7/go.mod h1:jwhsz4b93w/PPRr/qN1Yymfu8t87LnFCMoQvtojpjFo=
github.com/fsnotify/fsnotify v1.4.9/go.mod h1:znqG4EE+3YCdAaPaxE2ZRY/06pZUdp0tY4IgpuI1SZQ=
github.com/gagliardetto/binary v0.8.0 h1:U9ahc45v9HW0d15LoN++vIXSJyqR/pWw8DDlhd7zvxg=
github.com/gagliardetto/binary v0.8.0/go.mod h1:2tfj51g5o9dnvsc+fL3Jxr22MuWzYXwx9wEoN0XQ7/c=
github.com/gagliardetto/solana-go v1.12.0 h1:rzsbilDPj6p+/DOPXBMLhwMZeBgeRuXjm5zQFCoXgsg=
github.com/gagliardetto/solana-go v1.12.0/go.mod h1:l/qqqIN6qJJPtxW/G1PF4JtcE3Zg2vD2EliZrr9Gn5k=
github.com/gagliardetto/treeout v0.1.4 h1:ozeYerrLCmCubo1TcIjFiOWTTGteOOHND1twdFpgwaw=
github.com/gagliardetto/treeout v0.1.4/go.mod h1:loUefvXTrlRG5rYmJmExNryyBRh8f89VZhmMOyCyqok=
github.com/gammazero/deque v0.2.1 h1:qSdsbG6pgp6nL7A0+K/B7s12mcCY/5l5SIUpMOl+dC0=
github.com/gammazero/deque v0.2.1/go.mod h1:LFroj8x4cMYCukHJDbxFCkT+r9AndaJnFMuZDV34tuU=
github.com/gammazero/workerpool v1.1.3 h1:WixN4xzukFoN0XSeXF6puqEqFTl2mECI9S6W44HWy9Q=
github.com/gammazero/workerpool v1.1.3/go.mod h1:wPjyBLDbyKnUn2XwwyD3EEwo9dHutia9/fwNmSHWACc=
github.com/go-jose/go-jose/v3 v3.0.0 h1:s6rrhirfEP/CGIoc6p+PZAeogN2SxKav6Wp7+dyMWVo=
github.com/go-jose/go-jose/v3 v3.0.0/go.mod h1:RNkWWRld676jZEYoV3+XK8L2ZnNSvIsxFMht0mSX+u8=
github.com/go-logr/logr v1.4.2 h1:6pFjapn8bFcIbiKo3XT4j/BhANplGihG6tvd+8rYgrY=
github.com/go-logr/logr v1.4.2/go.mod h1:9T104GzyrTigFIr8wt5mBrctHMim0Nb2HLGrmQ40KvY=
github.com/go-task/slim-sprig v0.0.0-20210107165309-348f09dbbbc0/go.mod h1:fyg7847qk6SyHyPtNmDHnmrv/HOrqktSC+C9fM+CJOE=
github.com/golang/mock v1.6.0 h1:ErTB+efbowRARo13NNdxyJji2egdxLGQhRaY+DUumQc=
github.com/golang/mock v1.6.0/go.mod h1:p6yTPP+5HYm5mzsMV8JkE6ZKdX+/wYM6Hr+LicevLPs=
github.com/golang/protobuf v1.2.0/go.mod h1:6lQm79b+lXiMfvg/cZm0SGofjICqVBUtrP5yJMmIC1U=
github.com/golang/protobuf v1.4.0-rc.1/go.mod h1:ceaxUfeHdC40wWswd/P6IGgMaK3YpKi5j83Wpe3EHw8=
github.com/golang/protobuf v1.4.0-rc.1.0.20200221234624-67d41d38c208/go.mod h1:xKAWHe0F5eneWXFV3EuXVDTCmh+JuBKY0li0aMyXATA=
github.com/golang/protobuf v1.4.0-rc.2/go.mod h1:LlEzMj4AhA7rCAGe4KMBDvJI+AwstrUpVNzEA03Pprs=
github.com/golang/protobuf v1.4.0-rc.4.0.20200313231945-b860323f09d0/go.mod h1:WU3c8KckQ9AFe+yFwt9sWVRKCVIyN9cPHBJSNnbL67w=
github.com/golang/protobuf v1.4.0/go.mod h1:jodUvKwWbYaEsadDk5Fwe5c77LiNKVO9IDvqG2KuDX0=
github.com/golang/protobuf v1.4.2/go.mod h1:oDoupMAO8OvCJWAcko0GGGIgR6R6ocIYbsSw735rRwI=
github.com/golang/protobuf v1.5.0/go.mod h1:FsONVRAS9T7sI+LIUmWTfcYkHO4aIWwzhcaSAoJOfIk=
github.com/golang/protobuf v1.5.2/go.mod h1:XVQd3VNwM+JqD3oG2Ue2ip4fOMUkwXdXDdiuN0vRsmY=
github.com/golang/protobuf v1.5.3 h1:KhyjKVUg7Usr/dYsdSqoFveMYd5ko72D+zANwlG1mmg=
github.com/golang/protobuf v1.5.3/go.mod h1:XVQd3VNwM+JqD3oG2Ue2ip4fOMUkwXdXDdiuN0vRsmY=
github.com/golang/snappy v0.0.1/go.mod h1:/XxbfmMg8lxefKM7IXC3fBNl/7bRcc72aCRzEWrmP2Q=
github.com/google/go-cmp v0.2.0/go.mod h1:oXzfMopK8JAjlY9xF4vHSVASa0yLyX7SntLO5aqRK0M=
github.com/google/go-cmp v0.3.0/go.mod h1:8QqcDgzrUqlUb/G2PQTWiueGozuR1884gddMywk6iLU=
github.com/google/go-cmp v0.3.1/go.mod h1:8QqcDgzrUqlUb/G2PQTWiueGozuR1884gddMywk6iLU=
github.com/google/go-cmp v0.4.0/go.mod h1:v8dTdLbMG2kIc/vJvl+f65V22dbkXbowE6jgT/gNBxE=
github.com/google/go-cmp v0.5.0/go.mod h1:v8dTdLbMG2kIc/vJvl+f65V22dbkXbowE6jgT/gNBxE=
github.com/google/go-cmp v0.5.2/go.mod h1:v8dTdLbMG2kIc/vJvl+f65V22dbkXbowE6jgT/gNBxE=
github.com/google/go-cmp v0.5.4/go.mod h1:v8dTdLbMG2kIc/vJvl+f65V22dbkXbowE6jgT/gNBxE=
github.com/google/go-cmp v0.5.5/go.mod h1:v8dTdLbMG2kIc/vJvl+f65V22dbkXbowE6jgT/gNBxE=
github.com/google/go-cmp v0.5.6/go.mod h1:v8dTdLbMG2kIc/vJvl+f65V22dbkXbowE6jgT/gNBxE=
github.com/google/go-cmp v0.5.7/go.mod h1:n+brtR0CgQNWTVd5ZUFpTBC8YFBDLK/h/bpaJ8/DtOE=
github.com/google/go-cmp v0.5.9/go.mod h1:17dUlkBOakJ0+DkrSSNjCkIjxS6bF9zb3elmeNGIjoY=
github.com/google/go-cmp v0.6.0 h1:ofyhxvXcZhMsU5ulbFiLKl/XBFqE1GSq7atu8tAmTRI=
github.com/google/go-cmp v0.6.0/go.mod h1:17dUlkBOakJ0+DkrSSNjCkIjxS6bF9zb3elmeNGIjoY=
github.com/google/gofuzz v1.0.0/go.mod h1:dBl0BpW6vV/+mYPU4Po3pmUjxk6FQPldtuIdl/M65Eg=
github.com/google/subcommands v1.0.1/go.mod h1:ZjhPrFU+Olkh9WazFPsl27BQ4UPiG37m3yTrtFlrHVk=
github.com/google/subcommands v1.2.0 h1:vWQspBTo2nEqTUFita5/KeEWlUL8kQObDFbub/EN9oE=
github.com/google/subcommands v1.2.0/go.mod h1:ZjhPrFU+Olkh9WazFPsl27BQ4UPiG37m3yTrtFlrHVk=
github.com/google/uuid v1.2.0/go.mod h1:TIyPZe4MgqvfeYDBFedMoGGpEw/LqOeaOT+nhxU+yHo=
github.com/google/uuid v1.3.0/go.mod h1:TIyPZe4MgqvfeYDBFedMoGGpEw/LqOeaOT+nhxU+yHo=
github.com/google/uuid v1.6.0 h1:NIvaJDMOsjHA8n1jAhLSgzrAzy1Hgr+hNrb57e+94F0=
github.com/google/uuid v1.6.0/go.mod h1:TIyPZe4MgqvfeYDBFedMoGGpEw/LqOeaOT+nhxU+yHo=
github.com/google/wire v0.5.0 h1:I7ELFeVBr3yfPIcc8+MWvrjk+3VjbcSzoXm3JVa+jD8=
github.com/google/wire v0.5.0/go.mod h1:ngWDr9Qvq3yZA10YrxfyGELY/AFWGVpy9c1LTRi1EoU=
github.com/gorilla/rpc v1.2.0 h1:WvvdC2lNeT1SP32zrIce5l0ECBfbAlmrmSBsuc57wfk=
github.com/gorilla/rpc v1.2.0/go.mod h1:V4h9r+4sF5HnzqbwIez0fKSpANP0zlYd3qR7p36jkTQ=
github.com/gorilla/websocket v1.5.3 h1:saDtZ6Pbx/0u+bgYQ3q96pZgCzfhKXGPqt7kZ72aNNg=
github.com/gorilla/websocket v1.5.3/go.mod h1:YR8l580nyteQvAITg2hZ9XVh4b55+EU/adAjf1fMHhE=
github.com/hashicorp/golang-lru/v2 v2.0.7 h1:a+bsQ5rvGLjzHuww6tVxozPZFVghXaHOwFs4luLUK2k=
github.com/hashicorp/golang-lru/v2 v2.0.7/go.mod h1:QeFd9opnmA6QUJc5vARoKUSoFhyfM2/ZepoAG6RGpeM=
github.com/hpcloud/tail v1.0.0/go.mod h1:ab1qPbhIpdTxEkNHXyeSf5vhxWSCs/tWer42PpOxQnU=
github.com/inconshreveable/go-vhost v1.0.0 h1:IK4VZTlXL4l9vz2IZoiSFbYaaqUW7dXJAiPriUN5Ur8=
github.com/inconshreveable/go-vhost v1.0.0/go.mod h1:aA6DnFhALT3zH0y+A39we+zbrdMC2N0X/q21e6FI0LU=
github.com/josharian/native v0.0.0-20200817173448-b6b71def0850/go.mod h1:7X/raswPFr05uY3HiLlYeyQntB6OO7E/d2Cu7qoaN2w=
github.com/josharian/native v1.0.0/go.mod h1:7X/raswPFr05uY3HiLlYeyQntB6OO7E/d2Cu7qoaN2w=
github.com/josharian/native v1.1.0 h1:uuaP0hAbW7Y4l0ZRQ6C9zfb7Mg1mbFKry/xzDAfmtLA=
github.com/josharian/native v1.1.0/go.mod h1:7X/raswPFr05uY3HiLlYeyQntB6OO7E/d2Cu7qoaN2w=
github.com/jsimonetti/rtnetlink v0.0.0-20190606172950-9527aa82566a/go.mod h1:Oz+70psSo5OFh8DBl0Zv2ACw7Esh6pPUphlvZG9x7uw=
github.com/jsimonetti/rtnetlink v0.0.0-20200117123717-f846d4f6c1f4/go.mod h1:WGuG/smIU4J/54PblvSbh+xvCZmpJnFgr3ds6Z55XMQ=
github.com/jsimonetti/rtnetlink v0.0.0-20201009170750-9c6f07d100c1/go.mod h1:hqoO/u39cqLeBLebZ8fWdE96O7FxrAsRYhnVOdgHxok=
github.com/jsimonetti/rtnetlink v0.0.0-20201216134343-bde56ed16391/go.mod h1:cR77jAZG3Y3bsb8hF6fHJbFoyFukLFOkQ98S0pQz3xw=
github.com/jsimonetti/rtnetlink v0.0.0-20201220180245-69540ac93943/go.mod h1:z4c53zj6Eex712ROyh8WI0ihysb5j2ROyV42iNogmAs=
github.com/jsimonetti/rtnetlink v0.0.0-20210122163228-8d122574c736/go.mod h1:ZXpIyOK59ZnN7J0BV99cZUPmsqDRZ3eq5X+st7u/oSA=
github.com/jsimonetti/rtnetlink v0.0.0-20210212075122-66c871082f2b/go.mod h1:8w9Rh8m+aHZIG69YPGGem1i5VzoyRC8nw2kA8B+ik5U=
github.com/jsimonetti/rtnetlink v0.0.0-20210525051524-4cc836578190/go.mod h1:NmKSdU4VGSiv1bMsdqNALI4RSvvjtz65tTMCnD05qLo=
github.com/jsimonetti/rtnetlink v0.0.0-20211022192332-93da33804786 h1:N527AHMa793TP5z5GNAn/VLPzlc0ewzWdeP/25gDfgQ=
github.com/jsimonetti/rtnetlink v0.0.0-20211022192332-93da33804786/go.mod h1:v4hqbTdfQngbVSZJVWUhGE/lbTFf9jb+ygmNUDQMuOs=
github.com/json-iterator/go v1.1.12 h1:PV8peI4a0ysnczrg+LtxykD8LfKY9ML6u2jnxaEnrnM=
github.com/json-iterator/go v1.1.12/go.mod h1:e30LSqwooZae/UwlEbR2852Gd8hjQvJoHmT4TnhNGBo=
github.com/jxskiss/base62 v1.1.0 h1:A5zbF8v8WXx2xixnAKD2w+abC+sIzYJX+nxmhA6HWFw=
github.com/jxskiss/base62 v1.1.0/go.mod h1:HhWAlUXvxKThfOlZbcuFzsqwtF5TcqS9ru3y5GfjWAc=
github.com/klauspost/compress v1.11.4/go.mod h1:aoV0uJVorq1K+umq18yTdKaF57EivdYsUV+/s2qKfXs=
github.com/klauspost/compress v1.13.6/go.mod h1:/3/Vjq9QcHkK5uEr5lBEmyoZ1iFhe47etQ6QUkpK6sk=
github.com/klauspost/compress v1.17.11 h1:In6xLpyWOi1+C7tXUUWv2ot1QvBjxevKAaI6IXrJmUc=
github.com/klauspost/compress v1.17.11/go.mod h1:pMDklpSncoRMuLFrf1W9Ss9KT+0rH90U12bZKk7uwG0=
github.com/kr/pretty v0.1.0/go.mod h1:dAy3ld7l9f0ibDNOQOHHMYYIIbhfbHSm3C4ZsoJORNo=
github.com/kr/pretty v0.2.1/go.mod h1:ipq/a2n7PKx3OHsz4KJII5eveXtPO4qwEXGdVfWzfnI=
github.com/kr/pretty v0.3.0/go.mod h1:640gp4NfQd8pI5XOwp5fnNeVWj67G7CFk/SaSQn7NBk=
github.com/kr/pretty v0.3.1 h1:flRD4NNwYAUpkphVc1HcthR4KEIFJ65n8Mw5qdRn3LE=
github.com/kr/pretty v0.3.1/go.mod h1:hoEshYVHaxMs3cyo3Yncou5ZscifuDolrwPKZanG3xk=
github.com/kr/pty v1.1.1/go.mod h1:pFQYn66WHrOpPYNljwOMqo10TkYh1fy3cYio2l3bCsQ=
github.com/kr/text v0.1.0/go.mod h1:4Jbv+DJW3UT/LiOwJeYQe1efqtUx/iVham/4vfdArNI=
github.com/kr/text v0.2.0 h1:5Nx0Ya0ZqY2ygV366QzturHI13Jq95ApcVaJBhpS+AY=
github.com/kr/text v0.2.0/go.mod h1:eLer722TekiGuMkidMxC/pM04lWEeraHUUmBw8l2grE=
github.com/kylelemons/godebug v1.1.0 h1:RPNrshWIDI6G2gRW9EHilWtl7Z6Sb1BR0xunSBf0SNc=
github.com/kylelemons/godebug v1.1.0/go.mod h1:9/0rRGxNHcop5bhtWyNeEfOS8JIWk580+fNqagV/RAw=
github.com/lithammer/shortuuid/v3 v3.0.7 h1:trX0KTHy4Pbwo/6ia8fscyHoGA+mf1jWbPJVuvyJQQ8=
github.com/lithammer/shortuuid/v3 v3.0.7/go.mod h1:vMk8ke37EmiewwolSO1NLW8vP4ZaKlRuDIi8tWWmAts=
github.com/lithammer/shortuuid/v4 v4.0.0 h1:QRbbVkfgNippHOS8PXDkti4NaWeyYfcBTHtw7k08o4c=
github.com/lithammer/shortuuid/v4 v4.0.0/go.mod h1:Zs8puNcrvf2rV9rTH51ZLLcj7ZXqQI3lv67aw4KiB1Y=
github.com/livekit/mageutil v0.0.0-20230125210925-54e8a70427c1 h1:jm09419p0lqTkDaKb5iXdynYrzB84ErPPO4LbRASk58=
github.com/livekit/mageutil v0.0.0-20230125210925-54e8a70427c1/go.mod h1:Rs3MhFwutWhGwmY1VQsygw28z5bWcnEYmS1OG9OxjOQ=
github.com/livekit/mediatransportutil v0.0.0-20230326055817-ed569ca13d26 h1:QlQFyMwCDgjyySsrgmrMcVbEBA6KZcyTzvK+z346tUA=
github.com/livekit/mediatransportutil v0.0.0-20230326055817-ed569ca13d26/go.mod h1:eDA41kiySZoG+wy4Etsjb3w0jjLx69i/vAmSjG4bteA=
github.com/logrusorgru/aurora v2.0.3+incompatible h1:tOpm7WcpBTn4fjmVfgpQq0EfczGlG91VSDkswnjF5A8=
github.com/logrusorgru/aurora v2.0.3+incompatible/go.mod h1:7rIyQOR62GCctdiQpZ/zOJlFyk6y+94wXzv6RNZgaR4=
github.com/mackerelio/go-osstat v0.2.4 h1:qxGbdPkFo65PXOb/F/nhDKpF2nGmGaCFDLXoZjJTtUs=
github.com/mackerelio/go-osstat v0.2.4/go.mod h1:Zy+qzGdZs3A9cuIqmgbJvwbmLQH9dJvtio5ZjJTbdlQ=
github.com/magefile/mage v1.14.0 h1:6QDX3g6z1YvJ4olPhT1wksUcSa/V0a1B+pJb73fBjyo=
github.com/magefile/mage v1.14.0/go.mod h1:z5UZb/iS3GoOSn0JgWuiw7dxlurVYTu+/jHXqQg881A=
github.com/mattn/go-colorable v0.1.4/go.mod h1:U0ppj6V5qS13XJ6of8GYAs25YV2eR4EVcfRqFIhoBtE=
github.com/mattn/go-colorable v0.1.13 h1:fFA4WZxdEF4tXPZVKMLwD8oUnCTTo08duU7wxecdEvA=
github.com/mattn/go-colorable v0.1.13/go.mod h1:7S9/ev0klgBDR4GtXTXX8a3vIGJpMovkB8vQcUbaXHg=
github.com/mattn/go-isatty v0.0.8/go.mod h1:Iq45c/XA43vh69/j3iqttzPXn0bhXyGjM0Hdxcsrc5s=
github.com/mattn/go-isatty v0.0.11/go.mod h1:PhnuNfih5lzO57/f3n+odYbM4JtupLOxQOAqxQCu2WE=
github.com/mattn/go-isatty v0.0.16/go.mod h1:kYGgaQfpe5nmfYZH+SKPsOc2e4SrIfOl2e/yFXSvRLM=
github.com/mattn/go-isatty v0.0.20 h1:xfD0iDuEKnDkl03q4limB+vH+GxLEtL/jb4xVJSWWEY=
github.com/mattn/go-isatty v0.0.20/go.mod h1:W+V8PltTTMOvKvAeJH7IuucS94S2C6jfK/D7dTCTo3Y=
github.com/mattn/go-runewidth v0.0.9 h1:Lm995f3rfxdpd6TSmuVCHVb/QhupuXlYr8sCI/QdE+0=
github.com/mattn/go-runewidth v0.0.9/go.mod h1:H031xJmbD/WCDINGzjvQ9THkh0rPKHF+m2gUSrubnMI=
github.com/maxbrunsfeld/counterfeiter/v6 v6.6.1 h1:9XE5ykDiC8eNSqIPkxx0EsV3kMX1oe4kQWRZjIgytUA=
github.com/maxbrunsfeld/counterfeiter/v6 v6.6.1/go.mod h1:qbKwBR+qQODzH2WD/s53mdgp/xVcXMlJb59GRFOp6Z4=
github.com/mdlayher/ethtool v0.0.0-20210210192532-2b88debcdd43/go.mod h1:+t7E0lkKfbBsebllff1xdTmyJt8lH37niI6kwFk9OTo=
github.com/mdlayher/genetlink v1.0.0/go.mod h1:0rJ0h4itni50A86M2kHcgS85ttZazNt7a8H2a2cw0Gc=
github.com/mdlayher/netlink v0.0.0-20190409211403-11939a169225/go.mod h1:eQB3mZE4aiYnlUsyGGCOpPETfdQq4Jhsgf1fk3cwQaA=
github.com/mdlayher/netlink v1.0.0/go.mod h1:KxeJAFOFLG6AjpyDkQ/iIhxygIUKD+vcwqcnu43w/+M=
github.com/mdlayher/netlink v1.1.0/go.mod h1:H4WCitaheIsdF9yOYu8CFmCgQthAPIWZmcKp9uZHgmY=
github.com/mdlayher/netlink v1.1.1/go.mod h1:WTYpFb/WTvlRJAyKhZL5/uy69TDDpHHu2VZmb2XgV7o=
github.com/mdlayher/netlink v1.2.0/go.mod h1:kwVW1io0AZy9A1E2YYgaD4Cj+C+GPkU6klXCMzIJ9p8=
github.com/mdlayher/netlink v1.2.1/go.mod h1:bacnNlfhqHqqLo4WsYeXSqfyXkInQ9JneWI68v1KwSU=
github.com/mdlayher/netlink v1.2.2-0.20210123213345-5cc92139ae3e/go.mod h1:bacnNlfhqHqqLo4WsYeXSqfyXkInQ9JneWI68v1KwSU=
github.com/mdlayher/netlink v1.3.0/go.mod h1:xK/BssKuwcRXHrtN04UBkwQ6dY9VviGGuriDdoPSWys=
github.com/mdlayher/netlink v1.4.0/go.mod h1:dRJi5IABcZpBD2A3D0Mv/AiX8I9uDEu5oGkAVrekmf8=
github.com/mdlayher/netlink v1.4.1/go.mod h1:e4/KuJ+s8UhfUpO9z00/fDZZmhSrs+oxyqAS9cNgn6Q=
github.com/mdlayher/netlink v1.6.0/go.mod h1:0o3PlBmGst1xve7wQ7j/hwpNaFaH4qCRyWCdcZk8/vA=
github.com/mdlayher/netlink v1.7.1 h1:FdUaT/e33HjEXagwELR8R3/KL1Fq5x3G5jgHLp/BTmg=
github.com/mdlayher/netlink v1.7.1/go.mod h1:nKO5CSjE/DJjVhk/TNp6vCE1ktVxEA8VEh8drhZzxsQ=
github.com/mdlayher/socket v0.0.0-20210307095302-262dc9984e00/go.mod h1:GAFlyu4/XV68LkQKYzKhIo/WW7j3Zi0YRAz/BOoanUc=
github.com/mdlayher/socket v0.1.1/go.mod h1:mYV5YIZAfHh4dzDVzI8x8tWLWCliuX8Mon5Awbj+qDs=
github.com/mdlayher/socket v0.4.0 h1:280wsy40IC9M9q1uPGcLBwXpcTQDtoGwVt+BNoITxIw=
github.com/mdlayher/socket v0.4.0/go.mod h1:xxFqz5GRCUN3UEOm9CZqEJsAbe1C8OwSK46NlmWuVoc=
github.com/minio/highwayhash v1.0.2 h1:Aak5U0nElisjDCfPSG79Tgzkn2gl66NxOMspRrKnA/g=
github.com/minio/highwayhash v1.0.2/go.mod h1:BQskDq+xkJ12lmlUUi7U0M5Swg3EWR+dLTk+kldvVxY=
github.com/mitchellh/go-homedir v1.1.0 h1:lukF9ziXFxDFPkA1vsr5zpc1XuPDn/wFntq5mG+4E0Y=
github.com/mitchellh/go-homedir v1.1.0/go.mod h1:SfyaCUpYCn1Vlf4IUYiD9fPX4A5wJrkLzIz1N1q0pr0=
github.com/mitchellh/go-testing-interface v1.14.1 h1:jrgshOhYAUVNMAJiKbEu7EqAwgJJ2JqpQmpLJOu07cU=
github.com/mitchellh/go-testing-interface v1.14.1/go.mod h1:gfgS7OtZj6MA4U1UrDRp04twqAjfvlZyCfX3sDjEym8=
github.com/modern-go/concurrent v0.0.0-20180228061459-e0a39a4cb421/go.mod h1:6dJC0mAP4ikYIbvyc7fijjWJddQyLn8Ig3JB5CqoB9Q=
github.com/modern-go/concurrent v0.0.0-20180306012644-bacd9c7ef1dd h1:TRLaZ9cD/w8PVh93nsPXa1VrQ6jlwL5oN8l14QlcNfg=
github.com/modern-go/concurrent v0.0.0-20180306012644-bacd9c7ef1dd/go.mod h1:6dJC0mAP4ikYIbvyc7fijjWJddQyLn8Ig3JB5CqoB9Q=
github.com/modern-go/reflect2 v1.0.2 h1:xBagoLtFs94CBntxluKeaWgTMpvLxC4ur3nMaC9Gz0M=
github.com/modern-go/reflect2 v1.0.2/go.mod h1:yWuevngMOJpCy52FWWMvUC8ws7m/LJsjYzDa0/r8luk=
github.com/montanaflynn/stats v0.0.0-20171201202039-1bf9dbcd8cbe/go.mod h1:wL8QJuTMNUDYhXwkmfOly8iTdp5TEcJFWZD2D7SIkUc=
github.com/mostynb/zstdpool-freelist v0.0.0-20201229113212-927304c0c3b1 h1:mPMvm6X6tf4w8y7j9YIt6V9jfWhL6QlbEc7CCmeQlWk=
github.com/mostynb/zstdpool-freelist v0.0.0-20201229113212-927304c0c3b1/go.mod h1:ye2e/VUEtE2BHE+G/QcKkcLQVAEJoYRFj5VUOQatCRE=
github.com/mr-tron/base58 v1.2.0 h1:T/HDJBh4ZCPbU39/+c3rRvE0uKBQlU27+QI8LJ4t64o=
github.com/mr-tron/base58 v1.2.0/go.mod h1:BinMc/sQntlIE1frQmRFPUoPA1Zkr8VRgBdjWI2mNwc=
github.com/munnerz/goautoneg v0.0.0-20191010083416-a7dc8b61c822 h1:C3w9PqII01/Oq1c1nUAm88MOHcQC9l5mIlSMApZMrHA=
github.com/munnerz/goautoneg v0.0.0-20191010083416-a7dc8b61c822/go.mod h1:+n7T8mK8HuQTcFwEeznm/DIxMOiR9yIdICNftLE1DvQ=
github.com/nats-io/jwt/v2 v2.4.1 h1:Y35W1dgbbz2SQUYDPCaclXcuqleVmpbRa7646Jf2EX4=
github.com/nats-io/jwt/v2 v2.4.1/go.mod h1:24BeQtRwxRV8ruvC4CojXlx/WQ/VjuwlYiH+vu/+ibI=
github.com/nats-io/nats-server/v2 v2.9.8 h1:jgxZsv+A3Reb3MgwxaINcNq/za8xZInKhDg9Q0cGN1o=
github.com/nats-io/nats-server/v2 v2.9.8/go.mod h1:AB6hAnGZDlYfqb7CTAm66ZKMZy9DpfierY1/PbpvI2g=
github.com/nats-io/nats.go v1.25.0 h1:t5/wCPGciR7X3Mu8QOi4jiJaXaWM8qtkLu4lzGZvYHE=
github.com/nats-io/nats.go v1.25.0/go.mod h1:D2WALIhz7V8M0pH8Scx8JZXlg6Oqz5VG+nQkK8nJdvg=
github.com/nats-io/nkeys v0.4.4 h1:xvBJ8d69TznjcQl9t6//Q5xXuVhyYiSos6RPtvQNTwA=
github.com/nats-io/nkeys v0.4.4/go.mod h1:XUkxdLPTufzlihbamfzQ7mw/VGx6ObUs+0bN5sNvt64=
github.com/nats-io/nuid v1.0.1 h1:5iA8DT8V7q8WK2EScv2padNa/rTESc1KdnPw4TC2paw=
github.com/nats-io/nuid v1.0.1/go.mod h1:19wcPz3Ph3q0Jbyiqsd0kePYG7A95tJPxeL+1OSON2c=
github.com/near/borsh-go v0.3.1 h1:ukNbhJlPKxfua0/nIuMZhggSU8zvtRP/VyC25LLqPUA=
github.com/near/borsh-go v0.3.1/go.mod h1:NeMochZp7jN/pYFuxLkrZtmLqbADmnp/y1+/dL+AsyQ=
github.com/nxadm/tail v1.4.4/go.mod h1:kenIhsEOeOJmVchQTgglprH7qJGnHDVpk1VPCcaMI8A=
github.com/nxadm/tail v1.4.8/go.mod h1:+ncqLTQzXmGhMZNUePPaPqPvBxHAIsmXswZKocGu+AU=
github.com/olekukonko/tablewriter v0.0.5 h1:P2Ga83D34wi1o9J6Wh1mRuqd4mF/x/lgBS7N7AbDhec=
github.com/olekukonko/tablewriter v0.0.5/go.mod h1:hPp6KlRPjbx+hW8ykQs1w3UBbZlj6HuIJcUGPhkA7kY=
github.com/onsi/ginkgo v1.6.0/go.mod h1:lLunBs/Ym6LB5Z9jYTR76FiuTmxDTDusOGeTQH+WWjE=
github.com/onsi/ginkgo v1.12.1/go.mod h1:zj2OWP4+oCPe1qIXoGWkgMRwljMUYCdkwsT2108oapk=
github.com/onsi/ginkgo v1.16.4/go.mod h1:dX+/inL/fNMqNlz0e9LfyB9TswhZpCVdJM/Z6Vvnwo0=
github.com/onsi/ginkgo v1.16.5/go.mod h1:+E8gABHa3K6zRBolWtd+ROzc/U5bkGt0FwiG042wbpU=
github.com/onsi/gomega v1.7.1/go.mod h1:XdKZgCCFLUoM/7CFJVPcG8C1xQ1AJ0vpAezJrB7JYyY=
github.com/onsi/gomega v1.10.1/go.mod h1:iN09h71vgCQne3DLsj+A5owkum+a2tYe+TOCB1ybHNo=
github.com/onsi/gomega v1.17.0/go.mod h1:HnhC7FXeEQY45zxNK3PPoIUhzk/80Xly9PcubAlGdZY=
github.com/onsi/gomega v1.34.1 h1:EUMJIKUjM8sKjYbtxQI9A4z2o+rruxnzNvpknOXie6k=
github.com/onsi/gomega v1.34.1/go.mod h1:kU1QgUvBDLXBJq618Xvm2LUX6rSAfRaFRTcdOeDLwwY=
github.com/oschwald/geoip2-golang v1.9.0 h1:uvD3O6fXAXs+usU+UGExshpdP13GAqp4GBrzN7IgKZc=
github.com/oschwald/geoip2-golang v1.9.0/go.mod h1:BHK6TvDyATVQhKNbQBdrj9eAvuwOMi2zSFXizL3K81Y=
github.com/oschwald/maxminddb-golang v1.11.0 h1:aSXMqYR/EPNjGE8epgqwDay+P30hCBZIveY0WZbAWh0=
github.com/oschwald/maxminddb-golang v1.11.0/go.mod h1:YmVI+H0zh3ySFR3w+oz8PCfglAFj3PuCmui13+P9zDg=
github.com/pion/datachannel v1.5.5 h1:10ef4kwdjije+M9d7Xm9im2Y3O6A6ccQb0zcqZcJew8=
github.com/pion/datachannel v1.5.5/go.mod h1:iMz+lECmfdCMqFRhXhcA/219B0SQlbpoR2V118yimL0=
github.com/pion/dtls/v2 v2.2.6 h1:yXMxKr0Skd+Ub6A8UqXTRLSywskx93ooMRHsQUtd+Z4=
github.com/pion/dtls/v2 v2.2.6/go.mod h1:t8fWJCIquY5rlQZwA2yWxUS1+OCrAdXrhVKXB5oD/wY=
github.com/pion/ice/v2 v2.3.2 h1:vh+fi4RkZ8H5fB4brZ/jm3j4BqFgMmNs+aB3X52Hu7M=
github.com/pion/ice/v2 v2.3.2/go.mod h1:AMIpuJqcpe+UwloocNebmTSWhCZM1TUCo9v7nW50jX0=
github.com/pion/interceptor v0.1.16 h1:0GDZrfNO+BmVNWymS31fMlVtPO2IJVBzy2Qq5XCYMIg=
github.com/pion/interceptor v0.1.16/go.mod h1:SY8kpmfVBvrbUzvj2bsXz7OJt5JvmVNZ+4Kjq7FcwrI=
github.com/pion/logging v0.2.2 h1:M9+AIj/+pxNsDfAT64+MAVgJO0rsyLnoJKCqf//DoeY=
github.com/pion/logging v0.2.2/go.mod h1:k0/tDVsRCX2Mb2ZEmTqNa7CWsQPc+YYCB7Q+5pahoms=
github.com/pion/mdns v0.0.7 h1:P0UB4Sr6xDWEox0kTVxF0LmQihtCbSAdW0H2nEgkA3U=
github.com/pion/mdns v0.0.7/go.mod h1:4iP2UbeFhLI/vWju/bw6ZfwjJzk0z8DNValjGxR/dD8=
github.com/pion/randutil v0.1.0 h1:CFG1UdESneORglEsnimhUjf33Rwjubwj6xfiOXBa3mA=
github.com/pion/randutil v0.1.0/go.mod h1:XcJrSMMbbMRhASFVOlj/5hQial/Y8oH/HVo7TBZq+j8=
github.com/pion/rtcp v1.2.10 h1:nkr3uj+8Sp97zyItdN60tE/S6vk4al5CPRR6Gejsdjc=
github.com/pion/rtcp v1.2.10/go.mod h1:ztfEwXZNLGyF1oQDttz/ZKIBaeeg/oWbRYqzBM9TL1I=
github.com/pion/rtp v1.7.13 h1:qcHwlmtiI50t1XivvoawdCGTP4Uiypzfrsap+bijcoA=
github.com/pion/rtp v1.7.13/go.mod h1:bDb5n+BFZxXx0Ea7E5qe+klMuqiBrP+w8XSjiWtCUko=
github.com/pion/sctp v1.8.5/go.mod h1:SUFFfDpViyKejTAdwD1d/HQsCu+V/40cCs2nZIvC3s0=
github.com/pion/sctp v1.8.7 h1:JnABvFakZueGAn4KU/4PSKg+GWbF6QWbKTWZOSGJjXw=
github.com/pion/sctp v1.8.7/go.mod h1:g1Ul+ARqZq5JEmoFy87Q/4CePtKnTJ1QCL9dBBdN6AU=
github.com/pion/sdp/v3 v3.0.6 h1:WuDLhtuFUUVpTfus9ILC4HRyHsW6TdugjEX/QY9OiUw=
github.com/pion/sdp/v3 v3.0.6/go.mod h1:iiFWFpQO8Fy3S5ldclBkpXqmWy02ns78NOKoLLL0YQw=
github.com/pion/srtp/v2 v2.0.12 h1:WrmiVCubGMOAObBU1vwWjG0H3VSyQHawKeer2PVA5rY=
github.com/pion/srtp/v2 v2.0.12/go.mod h1:C3Ep44hlOo2qEYaq4ddsmK5dL63eLehXFbHaZ9F5V9Y=
github.com/pion/stun v0.4.0 h1:vgRrbBE2htWHy7l3Zsxckk7rkjnjOsSM7PHZnBwo8rk=
github.com/pion/stun v0.4.0/go.mod h1:QPsh1/SbXASntw3zkkrIk3ZJVKz4saBY2G7S10P3wCw=
github.com/pion/transport v0.14.1 h1:XSM6olwW+o8J4SCmOBb/BpwZypkHeyM0PGFCxNQBr40=
github.com/pion/transport v0.14.1/go.mod h1:4tGmbk00NeYA3rUa9+n+dzCCoKkcy3YlYb99Jn2fNnI=
github.com/pion/transport/v2 v2.0.0/go.mod h1:HS2MEBJTwD+1ZI2eSXSvHJx/HnzQqRy2/LXxt6eVMHc=
github.com/pion/transport/v2 v2.0.2/go.mod h1:vrz6bUbFr/cjdwbnxq8OdDDzHf7JJfGsIRkxfpZoTA0=
github.com/pion/transport/v2 v2.1.0/go.mod h1:AdSw4YBZVDkZm8fpoz+fclXyQwANWmZAlDuQdctTThQ=
github.com/pion/transport/v2 v2.2.0 h1:u5lFqFHkXLMXMzai8tixZDfVjb8eOjH35yCunhPeb1c=
github.com/pion/transport/v2 v2.2.0/go.mod h1:AdSw4YBZVDkZm8fpoz+fclXyQwANWmZAlDuQdctTThQ=
github.com/pion/turn/v2 v2.1.0 h1:5wGHSgGhJhP/RpabkUb/T9PdsAjkGLS6toYz5HNzoSI=
github.com/pion/turn/v2 v2.1.0/go.mod h1:yrT5XbXSGX1VFSF31A3c1kCNB5bBZgk/uu5LET162qs=
github.com/pion/udp/v2 v2.0.1 h1:xP0z6WNux1zWEjhC7onRA3EwwSliXqu1ElUZAQhUP54=
github.com/pion/udp/v2 v2.0.1/go.mod h1:B7uvTMP00lzWdyMr/1PVZXtV3wpPIxBRd4Wl6AksXn8=
github.com/pion/webrtc/v3 v3.2.1 h1:eehbYzkM6xWoH3LXoIBnZTb4TOrjwmVzI78JO1+5kgQ=
github.com/pion/webrtc/v3 v3.2.1/go.mod h1:sQVqop5YhZezvKyyz6Nywvf15LhlXUWiXWdN5DV4zHs=
github.com/pkg/errors v0.8.1/go.mod h1:bwawxfHBFNV+L2hUp1rHADufV3IMtnDRdf1r5NINEl0=
github.com/pkg/errors v0.9.1 h1:FEBLx1zS214owpjy7qsBeixbURkuhQAwrK5UwLGTwt4=
github.com/pkg/errors v0.9.1/go.mod h1:bwawxfHBFNV+L2hUp1rHADufV3IMtnDRdf1r5NINEl0=
github.com/pmezard/go-difflib v1.0.0 h1:4DBwDE0NGyQoBHbLQYPwSUPoCMWR5BEzIk/f1lZbAQM=
github.com/pmezard/go-difflib v1.0.0/go.mod h1:iKH77koFhYxTK1pcRnkKkqfTogsbg7gZNVY4sRDYZ/4=
github.com/prometheus/client_golang v1.20.5 h1:cxppBPuYhUnsO6yo/aoRol4L7q7UFfdm+bR9r+8l63Y=
github.com/prometheus/client_golang v1.20.5/go.mod h1:PIEt8X02hGcP8JWbeHyeZ53Y/jReSnHgO035n//V5WE=
github.com/prometheus/client_model v0.6.1 h1:ZKSh/rekM+n3CeS952MLRAdFwIKqeY8b62p8ais2e9E=
github.com/prometheus/client_model v0.6.1/go.mod h1:OrxVMOVHjw3lKMa8+x6HeMGkHMQyHDk9E3jmP2AmGiY=
github.com/prometheus/common v0.60.0 h1:+V9PAREWNvJMAuJ1x1BaWl9dewMW4YrHZQbx0sJNllA=
github.com/prometheus/common v0.60.0/go.mod h1:h0LYf1R1deLSKtD4Vdg8gy4RuOvENW2J/h19V5NADQw=
github.com/prometheus/procfs v0.15.1 h1:YagwOFzUgYfKKHX6Dr+sHT7km/hxC76UB0learggepc=
github.com/prometheus/procfs v0.15.1/go.mod h1:fB45yRUv8NstnjriLhBQLuOUt+WW4BsoGhij/e3PBqk=
github.com/redis/go-redis/v9 v9.0.4 h1:FC82T+CHJ/Q/PdyLW++GeCO+Ol59Y4T7R4jbgjvktgc=
github.com/redis/go-redis/v9 v9.0.4/go.mod h1:WqMKv5vnQbRuZstUwxQI195wHy+t4PuXDOjzMvcuQHk=
github.com/rogpeppe/go-internal v1.6.1/go.mod h1:xXDCJY+GAPziupqXw64V24skbSoqbTEfhy4qGm1nDQc=
github.com/rogpeppe/go-internal v1.10.0 h1:TMyTOH3F/DB16zRVcYyreMH6GnZZrwQVAoYjRBZyWFQ=
github.com/rogpeppe/go-internal v1.10.0/go.mod h1:UQnix2H7Ngw/k4C5ijL5+65zddjncjaFoBhdsK/akog=
github.com/rs/cors v1.9.0 h1:l9HGsTsHJcvW14Nk7J9KFz8bzeAWXn3CG6bgt7LsrAE=
github.com/rs/cors v1.9.0/go.mod h1:XyqrcTp5zjWr1wsJ8PIRZssZ8b/WMcMf71DJnit4EMU=
github.com/russross/blackfriday/v2 v2.1.0 h1:JIOH55/0cWyOuilr9/qlrm0BSXldqnqwMsf35Ld67mk=
github.com/russross/blackfriday/v2 v2.1.0/go.mod h1:+Rmxgy9KzJVeS9/2gXHxylqXiyQDYRxCVz55jmeOWTM=
github.com/sclevine/agouti v3.0.0+incompatible/go.mod h1:b4WX9W9L1sfQKXeJf1mUTLZKJ48R1S7H23Ji7oFO5Bw=
github.com/sclevine/spec v1.4.0 h1:z/Q9idDcay5m5irkZ28M7PtQM4aOISzOpj4bUPkDee8=
github.com/sclevine/spec v1.4.0/go.mod h1:LvpgJaFyvQzRvc1kaDs0bulYwzC70PbiYjC4QnFHkOM=
github.com/shopspring/decimal v1.3.1 h1:2Usl1nmF/WZucqkFZhnfFYxxxu8LG21F6nPQBE5gKV8=
github.com/shopspring/decimal v1.3.1/go.mod h1:DKyhrW/HYNuLGql+MJL6WCR6knT2jwCFRcu2hWCYk4o=
github.com/streamingfast/logging v0.0.0-20230608130331-f22c91403091 h1:RN5mrigyirb8anBEtdjtHFIufXdacyTi6i4KBfeNXeo=
github.com/streamingfast/logging v0.0.0-20230608130331-f22c91403091/go.mod h1:VlduQ80JcGJSargkRU4Sg9Xo63wZD/l8A5NC/Uo1/uU=
github.com/stretchr/objx v0.1.0/go.mod h1:HFkY916IF+rwdDfMAkV7OtwuqBVzrE8GR6GFx+wExME=
github.com/stretchr/objx v0.4.0/go.mod h1:YvHI0jy2hoMjB+UWwv71VJQ9isScKT/TqJzVSSt89Yw=
github.com/stretchr/objx v0.5.0/go.mod h1:Yh+to48EsGEfYuaHDzXPcE3xhTkx73EhmCGUpEOglKo=
github.com/stretchr/testify v1.3.0/go.mod h1:M5WIy9Dh21IEIfnGCwXGc5bZfKNJtfHm1UVUgZn+9EI=
github.com/stretchr/testify v1.4.0/go.mod h1:j7eGeouHqKxXV5pUuKE4zz7dFj8WfuZ+81PSLYec5m4=
github.com/stretchr/testify v1.5.1/go.mod h1:5W2xD1RspED5o8YsWQXVCued0rvSQ+mT+I5cxcmMvtA=
github.com/stretchr/testify v1.6.1/go.mod h1:6Fq8oRcR53rry900zMqJjRRixrwX3KX962/h/Wwjteg=
github.com/stretchr/testify v1.7.0/go.mod h1:6Fq8oRcR53rry900zMqJjRRixrwX3KX962/h/Wwjteg=
github.com/stretchr/testify v1.7.1/go.mod h1:6Fq8oRcR53rry900zMqJjRRixrwX3KX962/h/Wwjteg=
github.com/stretchr/testify v1.8.0/go.mod h1:yNjHg4UonilssWZ8iaSj1OCr/vHnekPRkoO+kdMU+MU=
github.com/stretchr/testify v1.8.1/go.mod h1:w2LPCIKwWwSfY2zedu0+kehJoqGctiVI29o6fzry7u4=
github.com/stretchr/testify v1.8.2/go.mod h1:w2LPCIKwWwSfY2zedu0+kehJoqGctiVI29o6fzry7u4=
github.com/stretchr/testify v1.9.0 h1:HtqpIVDClZ4nwg75+f6Lvsy/wHu+3BoSGCbBAcpTsTg=
github.com/stretchr/testify v1.9.0/go.mod h1:r2ic/lqez/lEtzL7wO/rwa5dbSLXVDPFyf8C91i36aY=
github.com/test-go/testify v1.1.4 h1:Tf9lntrKUMHiXQ07qBScBTSA0dhYQlu83hswqelv1iE=
github.com/test-go/testify v1.1.4/go.mod h1:rH7cfJo/47vWGdi4GPj16x3/t1xGOj2YxzmNQzk2ghU=
github.com/thoas/go-funk v0.9.3 h1:7+nAEx3kn5ZJcnDm2Bh23N2yOtweO14bi//dvRtgLpw=
github.com/thoas/go-funk v0.9.3/go.mod h1:+IWnUfUmFO1+WVYQWQtIJHeRRdaIyyYglZN7xzUPe4Q=
github.com/twitchtv/twirp v8.1.3+incompatible h1:+F4TdErPgSUbMZMwp13Q/KgDVuI7HJXP61mNV3/7iuU=
github.com/twitchtv/twirp v8.1.3+incompatible/go.mod h1:RRJoFSAmTEh2weEqWtpPE3vFK5YBhA6bqp2l1kfCC5A=
github.com/ua-parser/uap-go v0.0.0-20211112212520-00c877edfe0f h1:A+MmlgpvrHLeUP8dkBVn4Pnf5Bp5Yk2OALm7SEJLLE8=
github.com/ua-parser/uap-go v0.0.0-20211112212520-00c877edfe0f/go.mod h1:OBcG9bn7sHtXgarhUEb3OfCnNsgtGnkVf41ilSZ3K3E=
github.com/urfave/cli/v2 v2.25.1 h1:zw8dSP7ghX0Gmm8vugrs6q9Ku0wzweqPyshy+syu9Gw=
github.com/urfave/cli/v2 v2.25.1/go.mod h1:GHupkWPMM0M/sj1a2b4wUrWBPzazNrIjouW6fmdJLxc=
github.com/urfave/negroni/v3 v3.0.0 h1:Vo8CeZfu1lFR9gW8GnAb6dOGCJyijfil9j/jKKc/JhU=
github.com/urfave/negroni/v3 v3.0.0/go.mod h1:jWvnX03kcSjDBl/ShB0iHvx5uOs7mAzZXW+JvJ5XYAs=
github.com/xdg-go/pbkdf2 v1.0.0/go.mod h1:jrpuAogTd400dnrH08LKmI/xc1MbPOebTwRqcT5RDeI=
github.com/xdg-go/scram v1.1.2/go.mod h1:RT/sEzTbU5y00aCK8UOx6R7YryM0iF1N2MOmC3kKLN4=
github.com/xdg-go/stringprep v1.0.4/go.mod h1:mPGuuIYwz7CmR2bT9j4GbQqutWS1zV24gijq1dTyGkM=
github.com/xrash/smetrics v0.0.0-20201216005158-039620a65673 h1:bAn7/zixMGCfxrRTfdpNzjtPYqr8smhKouy9mxVdGPU=
github.com/xrash/smetrics v0.0.0-20201216005158-039620a65673/go.mod h1:N3UwUGtsrSj3ccvlPHLoLsHnpR27oXr4ZE984MbSER8=
github.com/youmark/pkcs8 v0.0.0-20181117223130-1be2e3e5546d/go.mod h1:rHwXgn7JulP+udvsHwJoVG1YGAP6VLg4y9I5dyZdqmA=
github.com/yuin/goldmark v1.2.1/go.mod h1:3hX8gzYuyVAZsxl0MRgGTJEmQBFcNTphYh9decYSb74=
github.com/yuin/goldmark v1.3.5/go.mod h1:mwnBkeHKe2W/ZEtQ+71ViKU8L12m81fl3OWwC1Zlc8k=
github.com/yuin/goldmark v1.4.13/go.mod h1:6yULJ656Px+3vBD8DxQVa3kxgyrAnzto9xy5taEt/CY=
go.mongodb.org/mongo-driver v1.12.2 h1:gbWY1bJkkmUB9jjZzcdhOL8O85N9H+Vvsf2yFN0RDws=
go.mongodb.org/mongo-driver v1.12.2/go.mod h1:/rGBTebI3XYboVmgz+Wv3Bcbl3aD0QF9zl6kDDw18rQ=
go.uber.org/atomic v1.4.0/go.mod h1:gD2HeocX3+yG+ygLZcrzQJaqmWj9AIm7n08wl/qW/PE=
go.uber.org/atomic v1.7.0/go.mod h1:fEN4uk6kAWBTFdckzkM89CLk9XfWZrxpCo0nPH17wJc=
go.uber.org/atomic v1.11.0 h1:ZvwS0R+56ePWxUNi+Atn9dWONBPp/AUETXlHW0DxSjE=
go.uber.org/atomic v1.11.0/go.mod h1:LUxbIzbOniOlMKjJjyPfpl4v+PKK2cNJn91OQbhoJI0=
go.uber.org/goleak v1.1.11/go.mod h1:cwTWslyiVhfpKIDGSZEM2HlOvcqm+tG4zioyIeLoqMQ=
go.uber.org/goleak v1.3.0 h1:2K3zAYmnTNqV73imy9J1T3WC+gmCePx2hEGkimedGto=
go.uber.org/goleak v1.3.0/go.mod h1:CoHD4mav9JJNrW/WLlf7HGZPjdw8EucARQHekz1X6bE=
go.uber.org/multierr v1.1.0/go.mod h1:wR5kodmAFQ0UK8QlbwjlSNy0Z68gJhDJUG5sjR94q/0=
go.uber.org/multierr v1.6.0/go.mod h1:cdWPpRnG4AhwMwsgIHip0KRBQjJy5kYEpYjJxpXp9iU=
go.uber.org/multierr v1.11.0 h1:blXXJkSxSSfBVBlC76pxqeO+LN3aDfLQo+309xJstO0=
go.uber.org/multierr v1.11.0/go.mod h1:20+QtiLqy0Nd6FdQB9TLXag12DsQkrbs3htMFfDN80Y=
go.uber.org/ratelimit v0.2.0 h1:UQE2Bgi7p2B85uP5dC2bbRtig0C+OeNRnNEafLjsLPA=
go.uber.org/ratelimit v0.2.0/go.mod h1:YYBV4e4naJvhpitQrWJu1vCpgB7CboMe0qhltKt6mUg=
go.uber.org/zap v1.10.0/go.mod h1:vwi/ZaCAaUcBkycHslxD9B2zi4UTXhF60s6SWpuDF0Q=
go.uber.org/zap v1.21.0/go.mod h1:wjWOCqI0f2ZZrJF/UufIOkiC8ii6tm1iqIsLo76RfJw=
go.uber.org/zap v1.27.0 h1:aJMhYGrd5QSmlpLMr2MftRKl7t8J8PTZPA732ud/XR8=
go.uber.org/zap v1.27.0/go.mod h1:GB2qFLM7cTU87MWRP2mPIjqfIDnGu+VIO4V/SdhGo2E=
golang.org/x/crypto v0.0.0-20190308221718-c2843e01d9a2/go.mod h1:djNgcEr1/C05ACkg1iLfiJU5Ep61QUkGW8qpdssI0+w=
golang.org/x/crypto v0.0.0-20190911031432-227b76d455e7/go.mod h1:yigFU9vqHzYiE8UmvKecakEJjdnWj3jj499lnFckfCI=
golang.org/x/crypto v0.0.0-20191011191535-87dc89f01550/go.mod h1:yigFU9vqHzYiE8UmvKecakEJjdnWj3jj499lnFckfCI=
golang.org/x/crypto v0.0.0-20200622213623-75b288015ac9/go.mod h1:LzIPMQfyMNhhGPhUkYOs5KpL4U8rLKemX1yGLhDgUto=
golang.org/x/crypto v0.0.0-20210921155107-089bfa567519/go.mod h1:GvvjBRRGRdwPK5ydBHafDWAxML/pGHZbMvKqRZ5+Abc=
golang.org/x/crypto v0.0.0-20220214200702-86341886e292/go.mod h1:IxCIyHEi3zRg3s0A5j5BB6A9Jmi73HwBIUl50j+osU4=
golang.org/x/crypto v0.0.0-20220622213112-05595931fe9d/go.mod h1:IxCIyHEi3zRg3s0A5j5BB6A9Jmi73HwBIUl50j+osU4=
golang.org/x/crypto v0.5.0/go.mod h1:NK/OQwhpMQP3MwtdjgLlYHnH9ebylxKWv3e0fK+mkQU=
golang.org/x/crypto v0.6.0/go.mod h1:OFC/31mSvZgRz0V1QTNCzfAI1aIRzbiufJtkMIlEp58=
golang.org/x/crypto v0.28.0 h1:GBDwsMXVQi34v5CCYUm2jkJvu4cbtru2U4TN2PSyQnw=
golang.org/x/crypto v0.28.0/go.mod h1:rmgy+3RHxRZMyY0jjAJShp2zgEdOqj2AO7U0pYmeQ7U=
golang.org/x/exp v0.0.0-20241009180824-f66d83c29e7c h1:7dEasQXItcW1xKJ2+gg5VOiBnqWrJc+rq0DPKyvvdbY=
golang.org/x/exp v0.0.0-20241009180824-f66d83c29e7c/go.mod h1:NQtJDoLvd6faHhE7m4T/1IY708gDefGGjR/iUW8yQQ8=
golang.org/x/lint v0.0.0-20190930215403-16217165b5de/go.mod h1:6SW0HCj/g11FgYtHlgUYUwCkIfeOF89ocIRzGO/8vkc=
golang.org/x/mod v0.3.0/go.mod h1:s0Qsj1ACt9ePp/hMypM3fl4fZqREWJwdYDEqhRiZZUA=
golang.org/x/mod v0.4.2/go.mod h1:s0Qsj1ACt9ePp/hMypM3fl4fZqREWJwdYDEqhRiZZUA=
golang.org/x/mod v0.6.0-dev.0.20220419223038-86c51ed26bb4/go.mod h1:jJ57K6gSWd91VN4djpZkiMVwK6gcyfeH4XE8wZrZaV4=
golang.org/x/mod v0.8.0/go.mod h1:iBbtSCu2XBx23ZKBPSOrRkjjQPZFPuis4dIYUhu/chs=
golang.org/x/mod v0.21.0 h1:vvrHzRwRfVKSiLrG+d4FMl/Qi4ukBCE6kZlTUkDYRT0=
golang.org/x/mod v0.21.0/go.mod h1:6SkKJ3Xj0I0BrPOZoBy3bdMptDDU9oJrpohJ3eWZ1fY=
golang.org/x/net v0.0.0-20180906233101-161cd47e91fd/go.mod h1:mL1N/T3taQHkDXs73rZJwtUhF3w3ftmwwsq0BUmARs4=
golang.org/x/net v0.0.0-20190311183353-d8887717615a/go.mod h1:t9HGtf8HONx5eT2rtn7q6eTqICYqUVnKs3thJo3Qplg=
golang.org/x/net v0.0.0-20190404232315-eb5bcb51f2a3/go.mod h1:t9HGtf8HONx5eT2rtn7q6eTqICYqUVnKs3thJo3Qplg=
golang.org/x/net v0.0.0-20190620200207-3b0461eec859/go.mod h1:z5CRVTTTmAJ677TzLLGU+0bjPO0LkuOLi4/5GtJWs/s=
golang.org/x/net v0.0.0-20190827160401-ba9fcec4b297/go.mod h1:z5CRVTTTmAJ677TzLLGU+0bjPO0LkuOLi4/5GtJWs/s=
golang.org/x/net v0.0.0-20191007182048-72f939374954/go.mod h1:z5CRVTTTmAJ677TzLLGU+0bjPO0LkuOLi4/5GtJWs/s=
golang.org/x/net v0.0.0-20200202094626-16171245cfb2/go.mod h1:z5CRVTTTmAJ677TzLLGU+0bjPO0LkuOLi4/5GtJWs/s=
golang.org/x/net v0.0.0-20200520004742-59133d7f0dd7/go.mod h1:qpuaurCH72eLCgpAm/N6yyVIVM9cpaDIP3A8BGJEC5A=
golang.org/x/net v0.0.0-20201010224723-4f7140c49acb/go.mod h1:sp8m0HH+o8qH0wwXwYZr8TS3Oi6o0r6Gce1SSxlDquU=
golang.org/x/net v0.0.0-20201021035429-f5854403a974/go.mod h1:sp8m0HH+o8qH0wwXwYZr8TS3Oi6o0r6Gce1SSxlDquU=
golang.org/x/net v0.0.0-20201110031124-69a78807bb2b/go.mod h1:sp8m0HH+o8qH0wwXwYZr8TS3Oi6o0r6Gce1SSxlDquU=
golang.org/x/net v0.0.0-20201216054612-986b41b23924/go.mod h1:m0MpNAwzfU5UDzcl9v0D8zg8gWTRqZa9RBIspLL5mdg=
golang.org/x/net v0.0.0-20201224014010-6772e930b67b/go.mod h1:m0MpNAwzfU5UDzcl9v0D8zg8gWTRqZa9RBIspLL5mdg=
golang.org/x/net v0.0.0-20210119194325-5f4716e94777/go.mod h1:m0MpNAwzfU5UDzcl9v0D8zg8gWTRqZa9RBIspLL5mdg=
golang.org/x/net v0.0.0-20210226172049-e18ecbb05110/go.mod h1:m0MpNAwzfU5UDzcl9v0D8zg8gWTRqZa9RBIspLL5mdg=
golang.org/x/net v0.0.0-20210405180319-a5a99cb37ef4/go.mod h1:p54w0d4576C0XHj96bSt6lcn1PtDYWL6XObtHCRCNQM=
golang.org/x/net v0.0.0-20210428140749-89ef3d95e781/go.mod h1:OJAsFXCWl8Ukc7SiCT/9KSuxbyM7479/AVlXFRxuMCk=
golang.org/x/net v0.0.0-20210525063256-abc453219eb5/go.mod h1:9nx3DQGgdP8bBQD5qxJ1jj9UTztislL4KSBs9R2vV5Y=
golang.org/x/net v0.0.0-20210928044308-7d9f5e0b762b/go.mod h1:9nx3DQGgdP8bBQD5qxJ1jj9UTztislL4KSBs9R2vV5Y=
golang.org/x/net v0.0.0-20211112202133-69e39bad7dc2/go.mod h1:9nx3DQGgdP8bBQD5qxJ1jj9UTztislL4KSBs9R2vV5Y=
golang.org/x/net v0.0.0-20220127200216-cd36cc0744dd/go.mod h1:CfG3xpIq0wQ8r1q4Su4UZFWDARRcnwPjda9FqA0JpMk=
golang.org/x/net v0.0.0-20220722155237-a158d28d115b/go.mod h1:XRhObCWvk6IyKnWLug+ECip1KBveYUHfp+8e9klMJ9c=
golang.org/x/net v0.1.0/go.mod h1:Cx3nUiGt4eDBEyega/BKRp+/AlGL8hYe7U9odMt2Cco=
golang.org/x/net v0.5.0/go.mod h1:DivGGAXEgPSlEBzxGzZI+ZLohi+xUj054jfeKui00ws=
golang.org/x/net v0.6.0/go.mod h1:2Tu9+aMcznHK/AK1HMvgo6xiTLG5rD5rZLDS+rp2Bjs=
golang.org/x/net v0.7.0/go.mod h1:2Tu9+aMcznHK/AK1HMvgo6xiTLG5rD5rZLDS+rp2Bjs=
golang.org/x/net v0.8.0/go.mod h1:QVkue5JL9kW//ek3r6jTKnTFis1tRmNAW2P1shuFdJc=
golang.org/x/net v0.30.0 h1:AcW1SDZMkb8IpzCdQUaIq2sP4sZ4zw+55h6ynffypl4=
golang.org/x/net v0.30.0/go.mod h1:2wGyMJ5iFasEhkwi13ChkO/t1ECNC4X4eBKkVFyYFlU=
golang.org/x/sync v0.0.0-20180314180146-1d60e4601c6f/go.mod h1:RxMgew5VJxzue5/jJTE5uejpjVlOe/izrB70Jof72aM=
golang.org/x/sync v0.0.0-20190423024810-112230192c58/go.mod h1:RxMgew5VJxzue5/jJTE5uejpjVlOe/izrB70Jof72aM=
golang.org/x/sync v0.0.0-20201020160332-67f06af15bc9/go.mod h1:RxMgew5VJxzue5/jJTE5uejpjVlOe/izrB70Jof72aM=
golang.org/x/sync v0.0.0-20210220032951-036812b2e83c/go.mod h1:RxMgew5VJxzue5/jJTE5uejpjVlOe/izrB70Jof72aM=
golang.org/x/sync v0.0.0-20220722155255-886fb9371eb4/go.mod h1:RxMgew5VJxzue5/jJTE5uejpjVlOe/izrB70Jof72aM=
golang.org/x/sync v0.1.0/go.mod h1:RxMgew5VJxzue5/jJTE5uejpjVlOe/izrB70Jof72aM=
golang.org/x/sync v0.8.0 h1:3NFvSEYkUoMifnESzZl15y791HH1qU2xm6eCJU5ZPXQ=
golang.org/x/sync v0.8.0/go.mod h1:Czt+wKu1gCyEFDUtn0jG5QVvpJ6rzVqr5aXyt9drQfk=
golang.org/x/sys v0.0.0-20180909124046-d0be0721c37e/go.mod h1:STP8DvDyc/dI5b8T5hshtkjS+E42TnysNCUPdjciGhY=
golang.org/x/sys v0.0.0-20190215142949-d0b11bdaac8a/go.mod h1:STP8DvDyc/dI5b8T5hshtkjS+E42TnysNCUPdjciGhY=
golang.org/x/sys v0.0.0-20190222072716-a9d3bda3a223/go.mod h1:STP8DvDyc/dI5b8T5hshtkjS+E42TnysNCUPdjciGhY=
golang.org/x/sys v0.0.0-20190312061237-fead79001313/go.mod h1:h1NjWce9XRLGQEsW7wpKNCjG9DtNlClVuFLEZdDNbEs=
golang.org/x/sys v0.0.0-20190411185658-b44545bcd369/go.mod h1:h1NjWce9XRLGQEsW7wpKNCjG9DtNlClVuFLEZdDNbEs=
golang.org/x/sys v0.0.0-20190412213103-97732733099d/go.mod h1:h1NjWce9XRLGQEsW7wpKNCjG9DtNlClVuFLEZdDNbEs=
golang.org/x/sys v0.0.0-20190826190057-c7b8b68b1456/go.mod h1:h1NjWce9XRLGQEsW7wpKNCjG9DtNlClVuFLEZdDNbEs=
golang.org/x/sys v0.0.0-20190904154756-749cb33beabd/go.mod h1:h1NjWce9XRLGQEsW7wpKNCjG9DtNlClVuFLEZdDNbEs=
golang.org/x/sys v0.0.0-20191005200804-aed5e4c7ecf9/go.mod h1:h1NjWce9XRLGQEsW7wpKNCjG9DtNlClVuFLEZdDNbEs=
golang.org/x/sys v0.0.0-20191008105621-543471e840be/go.mod h1:h1NjWce9XRLGQEsW7wpKNCjG9DtNlClVuFLEZdDNbEs=
golang.org/x/sys v0.0.0-20191026070338-33540a1f6037/go.mod h1:h1NjWce9XRLGQEsW7wpKNCjG9DtNlClVuFLEZdDNbEs=
golang.org/x/sys v0.0.0-20191120155948-bd437916bb0e/go.mod h1:h1NjWce9XRLGQEsW7wpKNCjG9DtNlClVuFLEZdDNbEs=
golang.org/x/sys v0.0.0-20200202164722-d101bd2416d5/go.mod h1:h1NjWce9XRLGQEsW7wpKNCjG9DtNlClVuFLEZdDNbEs=
golang.org/x/sys v0.0.0-20200323222414-85ca7c5b95cd/go.mod h1:h1NjWce9XRLGQEsW7wpKNCjG9DtNlClVuFLEZdDNbEs=
golang.org/x/sys v0.0.0-20200930185726-fdedc70b468f/go.mod h1:h1NjWce9XRLGQEsW7wpKNCjG9DtNlClVuFLEZdDNbEs=
golang.org/x/sys v0.0.0-20201009025420-dfb3f7c4e634/go.mod h1:h1NjWce9XRLGQEsW7wpKNCjG9DtNlClVuFLEZdDNbEs=
golang.org/x/sys v0.0.0-20201118182958-a01c418693c7/go.mod h1:h1NjWce9XRLGQEsW7wpKNCjG9DtNlClVuFLEZdDNbEs=
golang.org/x/sys v0.0.0-20201119102817-f84b799fce68/go.mod h1:h1NjWce9XRLGQEsW7wpKNCjG9DtNlClVuFLEZdDNbEs=
golang.org/x/sys v0.0.0-20201218084310-7d0127a74742/go.mod h1:h1NjWce9XRLGQEsW7wpKNCjG9DtNlClVuFLEZdDNbEs=
golang.org/x/sys v0.0.0-20210110051926-789bb1bd4061/go.mod h1:h1NjWce9XRLGQEsW7wpKNCjG9DtNlClVuFLEZdDNbEs=
golang.org/x/sys v0.0.0-20210112080510-489259a85091/go.mod h1:h1NjWce9XRLGQEsW7wpKNCjG9DtNlClVuFLEZdDNbEs=
golang.org/x/sys v0.0.0-20210123111255-9b0068b26619/go.mod h1:h1NjWce9XRLGQEsW7wpKNCjG9DtNlClVuFLEZdDNbEs=
golang.org/x/sys v0.0.0-20210124154548-22da62e12c0c/go.mod h1:h1NjWce9XRLGQEsW7wpKNCjG9DtNlClVuFLEZdDNbEs=
golang.org/x/sys v0.0.0-20210216163648-f7da38b97c65/go.mod h1:h1NjWce9XRLGQEsW7wpKNCjG9DtNlClVuFLEZdDNbEs=
golang.org/x/sys v0.0.0-20210305230114-8fe3ee5dd75b/go.mod h1:h1NjWce9XRLGQEsW7wpKNCjG9DtNlClVuFLEZdDNbEs=
golang.org/x/sys v0.0.0-20210330210617-4fbd30eecc44/go.mod h1:h1NjWce9XRLGQEsW7wpKNCjG9DtNlClVuFLEZdDNbEs=
golang.org/x/sys v0.0.0-20210423082822-04245dca01da/go.mod h1:h1NjWce9XRLGQEsW7wpKNCjG9DtNlClVuFLEZdDNbEs=
golang.org/x/sys v0.0.0-20210510120138-977fb7262007/go.mod h1:oPkhp1MJrh7nUepCBck5+mAzfO9JrbApNNgaTdGDITg=
golang.org/x/sys v0.0.0-20210525143221-35b2ab0089ea/go.mod h1:oPkhp1MJrh7nUepCBck5+mAzfO9JrbApNNgaTdGDITg=
golang.org/x/sys v0.0.0-20210615035016-665e8c7367d1/go.mod h1:oPkhp1MJrh7nUepCBck5+mAzfO9JrbApNNgaTdGDITg=
golang.org/x/sys v0.0.0-20210906170528-6f6e22806c34/go.mod h1:oPkhp1MJrh7nUepCBck5+mAzfO9JrbApNNgaTdGDITg=
golang.org/x/sys v0.0.0-20210927094055-39ccf1dd6fa6/go.mod h1:oPkhp1MJrh7nUepCBck5+mAzfO9JrbApNNgaTdGDITg=
golang.org/x/sys v0.0.0-20211216021012-1d35b9e2eb4e/go.mod h1:oPkhp1MJrh7nUepCBck5+mAzfO9JrbApNNgaTdGDITg=
golang.org/x/sys v0.0.0-20220128215802-99c3d69c2c27/go.mod h1:oPkhp1MJrh7nUepCBck5+mAzfO9JrbApNNgaTdGDITg=
golang.org/x/sys v0.0.0-20220520151302-bc2c85ada10a/go.mod h1:oPkhp1MJrh7nUepCBck5+mAzfO9JrbApNNgaTdGDITg=
golang.org/x/sys v0.0.0-20220722155257-8c9f86f7a55f/go.mod h1:oPkhp1MJrh7nUepCBck5+mAzfO9JrbApNNgaTdGDITg=
golang.org/x/sys v0.0.0-20220811171246-fbc7d0a398ab/go.mod h1:oPkhp1MJrh7nUepCBck5+mAzfO9JrbApNNgaTdGDITg=
golang.org/x/sys v0.1.0/go.mod h1:oPkhp1MJrh7nUepCBck5+mAzfO9JrbApNNgaTdGDITg=
golang.org/x/sys v0.2.0/go.mod h1:oPkhp1MJrh7nUepCBck5+mAzfO9JrbApNNgaTdGDITg=
golang.org/x/sys v0.4.0/go.mod h1:oPkhp1MJrh7nUepCBck5+mAzfO9JrbApNNgaTdGDITg=
golang.org/x/sys v0.5.0/go.mod h1:oPkhp1MJrh7nUepCBck5+mAzfO9JrbApNNgaTdGDITg=
golang.org/x/sys v0.6.0/go.mod h1:oPkhp1MJrh7nUepCBck5+mAzfO9JrbApNNgaTdGDITg=
golang.org/x/sys v0.7.0/go.mod h1:oPkhp1MJrh7nUepCBck5+mAzfO9JrbApNNgaTdGDITg=
golang.org/x/sys v0.26.0 h1:KHjCJyddX0LoSTb3J+vWpupP9p0oznkqVk/IfjymZbo=
golang.org/x/sys v0.26.0/go.mod h1:/VUhepiaJMQUp4+oa/7Zr1D23ma6VTLIYjOOTFZPUcA=
golang.org/x/term v0.0.0-20201126162022-7de9c90e9dd1/go.mod h1:bj7SfCRtBDWHUb9snDiAeCFNEtKQo2Wmx5Cou7ajbmo=
golang.org/x/term v0.0.0-20210927222741-03fcf44c2211/go.mod h1:jbD1KX2456YbFQfuXm/mYQcufACuNUgVhRMnK/tPxf8=
golang.org/x/term v0.1.0/go.mod h1:jbD1KX2456YbFQfuXm/mYQcufACuNUgVhRMnK/tPxf8=
golang.org/x/term v0.4.0/go.mod h1:9P2UbLfCdcvo3p/nzKvsmas4TnlujnuoV9hGgYzW1lQ=
golang.org/x/term v0.5.0/go.mod h1:jMB1sMXY+tzblOD4FWmEbocvup2/aLOaQEp7JmGp78k=
golang.org/x/term v0.6.0/go.mod h1:m6U89DPEgQRMq3DNkDClhWw02AUbt2daBVO4cn4Hv9U=
golang.org/x/term v0.25.0 h1:WtHI/ltw4NvSUig5KARz9h521QvRC8RmF/cuYqifU24=
golang.org/x/term v0.25.0/go.mod h1:RPyXicDX+6vLxogjjRxjgD2TKtmAO6NZBsBRfrOLu7M=
golang.org/x/text v0.3.0/go.mod h1:NqM8EUOU14njkJ3fqMW+pc6Ldnwhi/IjpwHt7yyuwOQ=
golang.org/x/text v0.3.3/go.mod h1:5Zoc/QRtKVWzQhOtBMvqHzDpF6irO9z98xDceosuGiQ=
golang.org/x/text v0.3.6/go.mod h1:5Zoc/QRtKVWzQhOtBMvqHzDpF6irO9z98xDceosuGiQ=
golang.org/x/text v0.3.7/go.mod h1:u+2+/6zg+i71rQMx5EYifcz6MCKuco9NR6JIITiCfzQ=
golang.org/x/text v0.3.8/go.mod h1:E6s5w1FMmriuDzIBO73fBruAKo1PCIq6d2Q6DHfQ8WQ=
golang.org/x/text v0.4.0/go.mod h1:mrYo+phRRbMaCq/xk9113O4dZlRixOauAjOtrjsXDZ8=
golang.org/x/text v0.6.0/go.mod h1:mrYo+phRRbMaCq/xk9113O4dZlRixOauAjOtrjsXDZ8=
golang.org/x/text v0.7.0/go.mod h1:mrYo+phRRbMaCq/xk9113O4dZlRixOauAjOtrjsXDZ8=
golang.org/x/text v0.8.0/go.mod h1:e1OnstbJyHTd6l/uOt8jFFHp6TRDWZR/bV3emEE/zU8=
golang.org/x/text v0.19.0 h1:kTxAhCbGbxhK0IwgSKiMO5awPoDQ0RpfiVYBfK860YM=
golang.org/x/text v0.19.0/go.mod h1:BuEKDfySbSR4drPmRPG/7iBdf8hvFMuRexcpahXilzY=
golang.org/x/time v0.5.0 h1:o7cqy6amK/52YcAKIPlM3a+Fpj35zvRj2TP+e1xFSfk=
golang.org/x/time v0.5.0/go.mod h1:3BpzKBy/shNhVucY/MWOyx10tF3SFh9QdLuxbVysPQM=
golang.org/x/tools v0.0.0-20180917221912-90fa682c2a6e/go.mod h1:n7NCudcB/nEzxVGmLbDWY5pfWTLqBcC2KZ6jyYvM4mQ=
golang.org/x/tools v0.0.0-20190311212946-11955173bddd/go.mod h1:LCzVGOaR6xXOjkQ3onu1FJEFr0SW1gC7cKk1uF8kGRs=
golang.org/x/tools v0.0.0-20190422233926-fe54fb35175b/go.mod h1:LCzVGOaR6xXOjkQ3onu1FJEFr0SW1gC7cKk1uF8kGRs=
golang.org/x/tools v0.0.0-20191119224855-298f0cb1881e/go.mod h1:b+2E5dAYhXwXZwtnZ6UAqBI28+e2cm9otk0dWdXHAEo=
golang.org/x/tools v0.0.0-20201224043029-2b0845dc783e/go.mod h1:emZCQorbCU4vsT4fOWvOPXz4eW1wZW4PmDk9uLelYpA=
golang.org/x/tools v0.1.5/go.mod h1:o0xws9oXOQQZyjljx8fwUC0k7L1pTE6eaCbjGeHmOkk=
golang.org/x/tools v0.1.12/go.mod h1:hNGJHUnrk76NpqgfD5Aqm5Crs+Hm0VOH/i9J2+nxYbc=
golang.org/x/tools v0.6.0/go.mod h1:Xwgl3UAJ/d3gWutnCtw505GrjyAbvKui8lOU390QaIU=
golang.org/x/tools v0.26.0 h1:v/60pFQmzmT9ExmjDv2gGIfi3OqfKoEP6I5+umXlbnQ=
golang.org/x/tools v0.26.0/go.mod h1:TPVVj70c7JJ3WCazhD8OdXcZg/og+b9+tH/KxylGwH0=
golang.org/x/xerrors v0.0.0-20190717185122-a985d3407aa7/go.mod h1:I/5z698sn9Ka8TeJc9MKroUUfqBBauWjQqLJ2OPfmY0=
golang.org/x/xerrors v0.0.0-20191011141410-1b5146add898/go.mod h1:I/5z698sn9Ka8TeJc9MKroUUfqBBauWjQqLJ2OPfmY0=
golang.org/x/xerrors v0.0.0-20191204190536-9bdfabe68543/go.mod h1:I/5z698sn9Ka8TeJc9MKroUUfqBBauWjQqLJ2OPfmY0=
golang.org/x/xerrors v0.0.0-20200804184101-5ec99f83aff1/go.mod h1:I/5z698sn9Ka8TeJc9MKroUUfqBBauWjQqLJ2OPfmY0=
google.golang.org/genproto v0.0.0-20230403163135-c38d8f061ccd h1:sLpv7bNL1AsX3fdnWh9WVh7ejIzXdOc1RRHGeAmeStU=
google.golang.org/genproto v0.0.0-20230403163135-c38d8f061ccd/go.mod h1:UUQDJDOlWu4KYeJZffbWgBkS1YFobzKbLVfK69pe0Ak=
google.golang.org/grpc v1.67.1 h1:zWnc1Vrcno+lHZCOofnIMvycFcc0QRGIzm9dhnDX68E=
google.golang.org/grpc v1.67.1/go.mod h1:1gLDyUQU7CTLJI90u3nXZ9ekeghjeM7pTDZlqFNg2AA=
google.golang.org/protobuf v0.0.0-20200109180630-ec00e32a8dfd/go.mod h1:DFci5gLYBciE7Vtevhsrf46CRTquxDuWsQurQQe4oz8=
google.golang.org/protobuf v0.0.0-20200221191635-4d8936d0db64/go.mod h1:kwYJMbMJ01Woi6D6+Kah6886xMZcty6N08ah7+eCXa0=
google.golang.org/protobuf v0.0.0-20200228230310-ab0ca4ff8a60/go.mod h1:cfTl7dwQJ+fmap5saPgwCLgHXTUD7jkjRqWcaiX5VyM=
google.golang.org/protobuf v1.20.1-0.20200309200217-e05f789c0967/go.mod h1:A+miEFZTKqfCUM6K7xSMQL9OKL/b6hQv+e19PK+JZNE=
google.golang.org/protobuf v1.21.0/go.mod h1:47Nbq4nVaFHyn7ilMalzfO3qCViNmqZ2kzikPIcrTAo=
google.golang.org/protobuf v1.23.0/go.mod h1:EGpADcykh3NcUnDUJcl1+ZksZNG86OlYog2l/sGQquU=
google.golang.org/protobuf v1.26.0-rc.1/go.mod h1:jlhhOSvTdKEhbULTjvd4ARK9grFBp09yW+WbY/TyQbw=
google.golang.org/protobuf v1.26.0/go.mod h1:9q0QmTI4eRPtz6boOQmLYwt+qCgq0jsYwAQnmE0givc=
google.golang.org/protobuf v1.35.2 h1:8Ar7bF+apOIoThw1EdZl0p1oWvMqTHmpA2fRTyZO8io=
google.golang.org/protobuf v1.35.2/go.mod h1:9fA7Ob0pmnwhb644+1+CVWFRbNajQ6iRojtC/QF5bRE=
gopkg.in/check.v1 v0.0.0-20161208181325-20d25e280405/go.mod h1:Co6ibVJAznAaIkqp8huTwlJQCZ016jof/cbN4VW5Yz0=
gopkg.in/check.v1 v1.0.0-20180628173108-788fd7840127/go.mod h1:Co6ibVJAznAaIkqp8huTwlJQCZ016jof/cbN4VW5Yz0=
gopkg.in/check.v1 v1.0.0-20190902080502-41f04d3bba15/go.mod h1:Co6ibVJAznAaIkqp8huTwlJQCZ016jof/cbN4VW5Yz0=
gopkg.in/check.v1 v1.0.0-20201130134442-10cb98267c6c h1:Hei/4ADfdWqJk1ZMxUNpqntNwaWcugrBjAiHlqqRiVk=
gopkg.in/check.v1 v1.0.0-20201130134442-10cb98267c6c/go.mod h1:JHkPIbrfpd72SG/EVd6muEfDQjcINNoR0C8j2r3qZ4Q=
gopkg.in/errgo.v2 v2.1.0/go.mod h1:hNsd1EY+bozCKY1Ytp96fpM3vjJbqLJn88ws8XvfDNI=
gopkg.in/fsnotify.v1 v1.4.7/go.mod h1:Tz8NjZHkW78fSQdbUxIjBTcgA1z1m8ZHf0WmKUhAMys=
gopkg.in/tomb.v1 v1.0.0-20141024135613-dd632973f1e7/go.mod h1:dt/ZhP58zS4L8KSrWDmTeBkI65Dw0HsyUHuEVlX15mw=
gopkg.in/yaml.v2 v2.2.1/go.mod h1:hI93XBmqTisBFMUTm0b8Fm+jr3Dg1NNxqwp+5A1VGuI=
gopkg.in/yaml.v2 v2.2.2/go.mod h1:hI93XBmqTisBFMUTm0b8Fm+jr3Dg1NNxqwp+5A1VGuI=
gopkg.in/yaml.v2 v2.2.4/go.mod h1:hI93XBmqTisBFMUTm0b8Fm+jr3Dg1NNxqwp+5A1VGuI=
gopkg.in/yaml.v2 v2.2.8/go.mod h1:hI93XBmqTisBFMUTm0b8Fm+jr3Dg1NNxqwp+5A1VGuI=
gopkg.in/yaml.v2 v2.3.0/go.mod h1:hI93XBmqTisBFMUTm0b8Fm+jr3Dg1NNxqwp+5A1VGuI=
gopkg.in/yaml.v2 v2.4.0 h1:D8xgwECY7CYvx+Y2n4sBz93Jn9JRvxdiyyo8CTfuKaY=
gopkg.in/yaml.v2 v2.4.0/go.mod h1:RDklbk79AGWmwhnvt/jBztapEOGDOx6ZbXqjP6csGnQ=
gopkg.in/yaml.v3 v3.0.0-20200313102051-9f266ea9e77c/go.mod h1:K4uyk7z7BCEPqu6E+C64Yfv1cQ7kz7rIZviUmN+EgEM=
gopkg.in/yaml.v3 v3.0.0-20210107192922-496545a6307b/go.mod h1:K4uyk7z7BCEPqu6E+C64Yfv1cQ7kz7rIZviUmN+EgEM=
gopkg.in/yaml.v3 v3.0.1 h1:fxVm/GzAzEWqLHuvctI91KS9hhNmmWOoWu0XTYJS7CA=
gopkg.in/yaml.v3 v3.0.1/go.mod h1:K4uyk7z7BCEPqu6E+C64Yfv1cQ7kz7rIZviUmN+EgEM=
